// !$*UTF8*$!
{
	archiveVersion = 1;
	classes = {
	};
	objectVersion = 56;
	objects = {

/* Begin PBXBuildFile section */
		60DF98D82ADDD2EF00E8EBC5 /* google_maps_applicationApp.swift in Sources */ = {isa = PBXBuildFile; fileRef = 60DF98D72ADDD2EF00E8EBC5 /* google_maps_applicationApp.swift */; };
		60DF98DA2ADDD2EF00E8EBC5 /* ContentView.swift in Sources */ = {isa = PBXBuildFile; fileRef = 60DF98D92ADDD2EF00E8EBC5 /* ContentView.swift */; };
		60DF98DC2ADDD2F100E8EBC5 /* Assets.xcassets in Resources */ = {isa = PBXBuildFile; fileRef = 60DF98DB2ADDD2F100E8EBC5 /* Assets.xcassets */; };
		60DF98DF2ADDD2F100E8EBC5 /* Preview Assets.xcassets in Resources */ = {isa = PBXBuildFile; fileRef = 60DF98DE2ADDD2F100E8EBC5 /* Preview Assets.xcassets */; };
		60DF98E92ADDD2F100E8EBC5 /* google_maps_applicationTests.swift in Sources */ = {isa = PBXBuildFile; fileRef = 60DF98E82ADDD2F100E8EBC5 /* google_maps_applicationTests.swift */; };
		60DF98F32ADDD2F100E8EBC5 /* google_maps_applicationUITests.swift in Sources */ = {isa = PBXBuildFile; fileRef = 60DF98F22ADDD2F100E8EBC5 /* google_maps_applicationUITests.swift */; };
		60DF98F52ADDD2F100E8EBC5 /* google_maps_applicationUITestsLaunchTests.swift in Sources */ = {isa = PBXBuildFile; fileRef = 60DF98F42ADDD2F100E8EBC5 /* google_maps_applicationUITestsLaunchTests.swift */; };
/* End PBXBuildFile section */

/* Begin PBXContainerItemProxy section */
		60DF98E52ADDD2F100E8EBC5 /* PBXContainerItemProxy */ = {
			isa = PBXContainerItemProxy;
			containerPortal = 60DF98CC2ADDD2EF00E8EBC5 /* Project object */;
			proxyType = 1;
			remoteGlobalIDString = 60DF98D32ADDD2EF00E8EBC5;
			remoteInfo = google_maps_application;
		};
		60DF98EF2ADDD2F100E8EBC5 /* PBXContainerItemProxy */ = {
			isa = PBXContainerItemProxy;
			containerPortal = 60DF98CC2ADDD2EF00E8EBC5 /* Project object */;
			proxyType = 1;
			remoteGlobalIDString = 60DF98D32ADDD2EF00E8EBC5;
			remoteInfo = google_maps_application;
		};
/* End PBXContainerItemProxy section */

/* Begin PBXFileReference section */
		60DF98D42ADDD2EF00E8EBC5 /* google_maps_application.app */ = {isa = PBXFileReference; explicitFileType = wrapper.application; includeInIndex = 0; path = google_maps_application.app; sourceTree = BUILT_PRODUCTS_DIR; };
		60DF98D72ADDD2EF00E8EBC5 /* google_maps_applicationApp.swift */ = {isa = PBXFileReference; lastKnownFileType = sourcecode.swift; path = google_maps_applicationApp.swift; sourceTree = "<group>"; };
		60DF98D92ADDD2EF00E8EBC5 /* ContentView.swift */ = {isa = PBXFileReference; lastKnownFileType = sourcecode.swift; path = ContentView.swift; sourceTree = "<group>"; };
		60DF98DB2ADDD2F100E8EBC5 /* Assets.xcassets */ = {isa = PBXFileReference; lastKnownFileType = folder.assetcatalog; path = Assets.xcassets; sourceTree = "<group>"; };
		60DF98DE2ADDD2F100E8EBC5 /* Preview Assets.xcassets */ = {isa = PBXFileReference; lastKnownFileType = folder.assetcatalog; path = "Preview Assets.xcassets"; sourceTree = "<group>"; };
		60DF98E42ADDD2F100E8EBC5 /* google_maps_applicationTests.xctest */ = {isa = PBXFileReference; explicitFileType = wrapper.cfbundle; includeInIndex = 0; path = google_maps_applicationTests.xctest; sourceTree = BUILT_PRODUCTS_DIR; };
		60DF98E82ADDD2F100E8EBC5 /* google_maps_applicationTests.swift */ = {isa = PBXFileReference; lastKnownFileType = sourcecode.swift; path = google_maps_applicationTests.swift; sourceTree = "<group>"; };
		60DF98EE2ADDD2F100E8EBC5 /* google_maps_applicationUITests.xctest */ = {isa = PBXFileReference; explicitFileType = wrapper.cfbundle; includeInIndex = 0; path = google_maps_applicationUITests.xctest; sourceTree = BUILT_PRODUCTS_DIR; };
		60DF98F22ADDD2F100E8EBC5 /* google_maps_applicationUITests.swift */ = {isa = PBXFileReference; lastKnownFileType = sourcecode.swift; path = google_maps_applicationUITests.swift; sourceTree = "<group>"; };
		60DF98F42ADDD2F100E8EBC5 /* google_maps_applicationUITestsLaunchTests.swift */ = {isa = PBXFileReference; lastKnownFileType = sourcecode.swift; path = google_maps_applicationUITestsLaunchTests.swift; sourceTree = "<group>"; };
/* End PBXFileReference section */

/* Begin PBXFrameworksBuildPhase section */
		60DF98D12ADDD2EF00E8EBC5 /* Frameworks */ = {
			isa = PBXFrameworksBuildPhase;
			buildActionMask = 2147483647;
			files = (
			);
			runOnlyForDeploymentPostprocessing = 0;
		};
		60DF98E12ADDD2F100E8EBC5 /* Frameworks */ = {
			isa = PBXFrameworksBuildPhase;
			buildActionMask = 2147483647;
			files = (
			);
			runOnlyForDeploymentPostprocessing = 0;
		};
		60DF98EB2ADDD2F100E8EBC5 /* Frameworks */ = {
			isa = PBXFrameworksBuildPhase;
			buildActionMask = 2147483647;
			files = (
			);
			runOnlyForDeploymentPostprocessing = 0;
		};
/* End PBXFrameworksBuildPhase section */

/* Begin PBXGroup section */
		60DF98CB2ADDD2EF00E8EBC5 = {
			isa = PBXGroup;
			children = (
				60DF98D62ADDD2EF00E8EBC5 /* google_maps_application */,
				60DF98E72ADDD2F100E8EBC5 /* google_maps_applicationTests */,
				60DF98F12ADDD2F100E8EBC5 /* google_maps_applicationUITests */,
				60DF98D52ADDD2EF00E8EBC5 /* Products */,
			);
			sourceTree = "<group>";
		};
		60DF98D52ADDD2EF00E8EBC5 /* Products */ = {
			isa = PBXGroup;
			children = (
				60DF98D42ADDD2EF00E8EBC5 /* google_maps_application.app */,
				60DF98E42ADDD2F100E8EBC5 /* google_maps_applicationTests.xctest */,
				60DF98EE2ADDD2F100E8EBC5 /* google_maps_applicationUITests.xctest */,
			);
			name = Products;
			sourceTree = "<group>";
		};
		60DF98D62ADDD2EF00E8EBC5 /* google_maps_application */ = {
			isa = PBXGroup;
			children = (
				60DF98D72ADDD2EF00E8EBC5 /* google_maps_applicationApp.swift */,
				60DF98D92ADDD2EF00E8EBC5 /* ContentView.swift */,
				60DF98DB2ADDD2F100E8EBC5 /* Assets.xcassets */,
				60DF98DD2ADDD2F100E8EBC5 /* Preview Content */,
			);
			path = google_maps_application;
			sourceTree = "<group>";
		};
		60DF98DD2ADDD2F100E8EBC5 /* Preview Content */ = {
			isa = PBXGroup;
			children = (
				60DF98DE2ADDD2F100E8EBC5 /* Preview Assets.xcassets */,
			);
			path = "Preview Content";
			sourceTree = "<group>";
		};
		60DF98E72ADDD2F100E8EBC5 /* google_maps_applicationTests */ = {
			isa = PBXGroup;
			children = (
				60DF98E82ADDD2F100E8EBC5 /* google_maps_applicationTests.swift */,
			);
			path = google_maps_applicationTests;
			sourceTree = "<group>";
		};
		60DF98F12ADDD2F100E8EBC5 /* google_maps_applicationUITests */ = {
			isa = PBXGroup;
			children = (
				60DF98F22ADDD2F100E8EBC5 /* google_maps_applicationUITests.swift */,
				60DF98F42ADDD2F100E8EBC5 /* google_maps_applicationUITestsLaunchTests.swift */,
			);
			path = google_maps_applicationUITests;
			sourceTree = "<group>";
		};
/* End PBXGroup section */

/* Begin PBXNativeTarget section */
		60DF98D32ADDD2EF00E8EBC5 /* google_maps_application */ = {
			isa = PBXNativeTarget;
			buildConfigurationList = 60DF98F82ADDD2F200E8EBC5 /* Build configuration list for PBXNativeTarget "google_maps_application" */;
			buildPhases = (
				60DF98D02ADDD2EF00E8EBC5 /* Sources */,
				60DF98D12ADDD2EF00E8EBC5 /* Frameworks */,
				60DF98D22ADDD2EF00E8EBC5 /* Resources */,
			);
			buildRules = (
			);
			dependencies = (
			);
			name = google_maps_application;
			productName = google_maps_application;
			productReference = 60DF98D42ADDD2EF00E8EBC5 /* google_maps_application.app */;
			productType = "com.apple.product-type.application";
		};
		60DF98E32ADDD2F100E8EBC5 /* google_maps_applicationTests */ = {
			isa = PBXNativeTarget;
			buildConfigurationList = 60DF98FB2ADDD2F200E8EBC5 /* Build configuration list for PBXNativeTarget "google_maps_applicationTests" */;
			buildPhases = (
				60DF98E02ADDD2F100E8EBC5 /* Sources */,
				60DF98E12ADDD2F100E8EBC5 /* Frameworks */,
				60DF98E22ADDD2F100E8EBC5 /* Resources */,
			);
			buildRules = (
			);
			dependencies = (
				60DF98E62ADDD2F100E8EBC5 /* PBXTargetDependency */,
			);
			name = google_maps_applicationTests;
			productName = google_maps_applicationTests;
			productReference = 60DF98E42ADDD2F100E8EBC5 /* google_maps_applicationTests.xctest */;
			productType = "com.apple.product-type.bundle.unit-test";
		};
		60DF98ED2ADDD2F100E8EBC5 /* google_maps_applicationUITests */ = {
			isa = PBXNativeTarget;
			buildConfigurationList = 60DF98FE2ADDD2F200E8EBC5 /* Build configuration list for PBXNativeTarget "google_maps_applicationUITests" */;
			buildPhases = (
				60DF98EA2ADDD2F100E8EBC5 /* Sources */,
				60DF98EB2ADDD2F100E8EBC5 /* Frameworks */,
				60DF98EC2ADDD2F100E8EBC5 /* Resources */,
			);
			buildRules = (
			);
			dependencies = (
				60DF98F02ADDD2F100E8EBC5 /* PBXTargetDependency */,
			);
			name = google_maps_applicationUITests;
			productName = google_maps_applicationUITests;
			productReference = 60DF98EE2ADDD2F100E8EBC5 /* google_maps_applicationUITests.xctest */;
			productType = "com.apple.product-type.bundle.ui-testing";
		};
/* End PBXNativeTarget section */

/* Begin PBXProject section */
		60DF98CC2ADDD2EF00E8EBC5 /* Project object */ = {
			isa = PBXProject;
			attributes = {
				BuildIndependentTargetsInParallel = 1;
				LastSwiftUpdateCheck = 1500;
				LastUpgradeCheck = 1500;
				TargetAttributes = {
					60DF98D32ADDD2EF00E8EBC5 = {
						CreatedOnToolsVersion = 15.0;
					};
					60DF98E32ADDD2F100E8EBC5 = {
						CreatedOnToolsVersion = 15.0;
						TestTargetID = 60DF98D32ADDD2EF00E8EBC5;
					};
					60DF98ED2ADDD2F100E8EBC5 = {
						CreatedOnToolsVersion = 15.0;
						TestTargetID = 60DF98D32ADDD2EF00E8EBC5;
					};
				};
			};
			buildConfigurationList = 60DF98CF2ADDD2EF00E8EBC5 /* Build configuration list for PBXProject "google_maps_application" */;
			compatibilityVersion = "Xcode 14.0";
			developmentRegion = en;
			hasScannedForEncodings = 0;
			knownRegions = (
				en,
				Base,
			);
			mainGroup = 60DF98CB2ADDD2EF00E8EBC5;
			productRefGroup = 60DF98D52ADDD2EF00E8EBC5 /* Products */;
			projectDirPath = "";
			projectRoot = "";
			targets = (
				60DF98D32ADDD2EF00E8EBC5 /* google_maps_application */,
				60DF98E32ADDD2F100E8EBC5 /* google_maps_applicationTests */,
				60DF98ED2ADDD2F100E8EBC5 /* google_maps_applicationUITests */,
			);
		};
/* End PBXProject section */

/* Begin PBXResourcesBuildPhase section */
		60DF98D22ADDD2EF00E8EBC5 /* Resources */ = {
			isa = PBXResourcesBuildPhase;
			buildActionMask = 2147483647;
			files = (
				60DF98DF2ADDD2F100E8EBC5 /* Preview Assets.xcassets in Resources */,
				60DF98DC2ADDD2F100E8EBC5 /* Assets.xcassets in Resources */,
			);
			runOnlyForDeploymentPostprocessing = 0;
		};
		60DF98E22ADDD2F100E8EBC5 /* Resources */ = {
			isa = PBXResourcesBuildPhase;
			buildActionMask = 2147483647;
			files = (
			);
			runOnlyForDeploymentPostprocessing = 0;
		};
		60DF98EC2ADDD2F100E8EBC5 /* Resources */ = {
			isa = PBXResourcesBuildPhase;
			buildActionMask = 2147483647;
			files = (
			);
			runOnlyForDeploymentPostprocessing = 0;
		};
/* End PBXResourcesBuildPhase section */

/* Begin PBXSourcesBuildPhase section */
		60DF98D02ADDD2EF00E8EBC5 /* Sources */ = {
			isa = PBXSourcesBuildPhase;
			buildActionMask = 2147483647;
			files = (
				60DF98DA2ADDD2EF00E8EBC5 /* ContentView.swift in Sources */,
				60DF98D82ADDD2EF00E8EBC5 /* google_maps_applicationApp.swift in Sources */,
			);
			runOnlyForDeploymentPostprocessing = 0;
		};
		60DF98E02ADDD2F100E8EBC5 /* Sources */ = {
			isa = PBXSourcesBuildPhase;
			buildActionMask = 2147483647;
			files = (
				60DF98E92ADDD2F100E8EBC5 /* google_maps_applicationTests.swift in Sources */,
			);
			runOnlyForDeploymentPostprocessing = 0;
		};
		60DF98EA2ADDD2F100E8EBC5 /* Sources */ = {
			isa = PBXSourcesBuildPhase;
			buildActionMask = 2147483647;
			files = (
				60DF98F32ADDD2F100E8EBC5 /* google_maps_applicationUITests.swift in Sources */,
				60DF98F52ADDD2F100E8EBC5 /* google_maps_applicationUITestsLaunchTests.swift in Sources */,
			);
			runOnlyForDeploymentPostprocessing = 0;
		};
/* End PBXSourcesBuildPhase section */

/* Begin PBXTargetDependency section */
		60DF98E62ADDD2F100E8EBC5 /* PBXTargetDependency */ = {
			isa = PBXTargetDependency;
			target = 60DF98D32ADDD2EF00E8EBC5 /* google_maps_application */;
			targetProxy = 60DF98E52ADDD2F100E8EBC5 /* PBXContainerItemProxy */;
		};
		60DF98F02ADDD2F100E8EBC5 /* PBXTargetDependency */ = {
			isa = PBXTargetDependency;
			target = 60DF98D32ADDD2EF00E8EBC5 /* google_maps_application */;
			targetProxy = 60DF98EF2ADDD2F100E8EBC5 /* PBXContainerItemProxy */;
		};
/* End PBXTargetDependency section */

/* Begin XCBuildConfiguration section */
		60DF98F62ADDD2F200E8EBC5 /* Debug */ = {
			isa = XCBuildConfiguration;
			buildSettings = {
				ALWAYS_SEARCH_USER_PATHS = NO;
				ASSETCATALOG_COMPILER_GENERATE_SWIFT_ASSET_SYMBOL_EXTENSIONS = YES;
				CLANG_ANALYZER_NONNULL = YES;
				CLANG_ANALYZER_NUMBER_OBJECT_CONVERSION = YES_AGGRESSIVE;
				CLANG_CXX_LANGUAGE_STANDARD = "gnu++20";
				CLANG_ENABLE_MODULES = YES;
				CLANG_ENABLE_OBJC_ARC = YES;
				CLANG_ENABLE_OBJC_WEAK = YES;
				CLANG_WARN_BLOCK_CAPTURE_AUTORELEASING = YES;
				CLANG_WARN_BOOL_CONVERSION = YES;
				CLANG_WARN_COMMA = YES;
				CLANG_WARN_CONSTANT_CONVERSION = YES;
				CLANG_WARN_DEPRECATED_OBJC_IMPLEMENTATIONS = YES;
				CLANG_WARN_DIRECT_OBJC_ISA_USAGE = YES_ERROR;
				CLANG_WARN_DOCUMENTATION_COMMENTS = YES;
				CLANG_WARN_EMPTY_BODY = YES;
				CLANG_WARN_ENUM_CONVERSION = YES;
				CLANG_WARN_INFINITE_RECURSION = YES;
				CLANG_WARN_INT_CONVERSION = YES;
				CLANG_WARN_NON_LITERAL_NULL_CONVERSION = YES;
				CLANG_WARN_OBJC_IMPLICIT_RETAIN_SELF = YES;
				CLANG_WARN_OBJC_LITERAL_CONVERSION = YES;
				CLANG_WARN_OBJC_ROOT_CLASS = YES_ERROR;
				CLANG_WARN_QUOTED_INCLUDE_IN_FRAMEWORK_HEADER = YES;
				CLANG_WARN_RANGE_LOOP_ANALYSIS = YES;
				CLANG_WARN_STRICT_PROTOTYPES = YES;
				CLANG_WARN_SUSPICIOUS_MOVE = YES;
				CLANG_WARN_UNGUARDED_AVAILABILITY = YES_AGGRESSIVE;
				CLANG_WARN_UNREACHABLE_CODE = YES;
				CLANG_WARN__DUPLICATE_METHOD_MATCH = YES;
				COPY_PHASE_STRIP = NO;
				DEBUG_INFORMATION_FORMAT = dwarf;
				ENABLE_STRICT_OBJC_MSGSEND = YES;
				ENABLE_TESTABILITY = YES;
				ENABLE_USER_SCRIPT_SANDBOXING = YES;
				GCC_C_LANGUAGE_STANDARD = gnu17;
				GCC_DYNAMIC_NO_PIC = NO;
				GCC_NO_COMMON_BLOCKS = YES;
				GCC_OPTIMIZATION_LEVEL = 0;
				GCC_PREPROCESSOR_DEFINITIONS = (
					"DEBUG=1",
					"$(inherited)",
				);
				GCC_WARN_64_TO_32_BIT_CONVERSION = YES;
				GCC_WARN_ABOUT_RETURN_TYPE = YES_ERROR;
				GCC_WARN_UNDECLARED_SELECTOR = YES;
				GCC_WARN_UNINITIALIZED_AUTOS = YES_AGGRESSIVE;
				GCC_WARN_UNUSED_FUNCTION = YES;
				GCC_WARN_UNUSED_VARIABLE = YES;
				IPHONEOS_DEPLOYMENT_TARGET = 17.0;
				LOCALIZATION_PREFERS_STRING_CATALOGS = YES;
				MTL_ENABLE_DEBUG_INFO = INCLUDE_SOURCE;
				MTL_FAST_MATH = YES;
				ONLY_ACTIVE_ARCH = YES;
				SDKROOT = iphoneos;
				SWIFT_ACTIVE_COMPILATION_CONDITIONS = "DEBUG $(inherited)";
				SWIFT_OPTIMIZATION_LEVEL = "-Onone";
			};
			name = Debug;
		};
		60DF98F72ADDD2F200E8EBC5 /* Release */ = {
			isa = XCBuildConfiguration;
			buildSettings = {
				ALWAYS_SEARCH_USER_PATHS = NO;
				ASSETCATALOG_COMPILER_GENERATE_SWIFT_ASSET_SYMBOL_EXTENSIONS = YES;
				CLANG_ANALYZER_NONNULL = YES;
				CLANG_ANALYZER_NUMBER_OBJECT_CONVERSION = YES_AGGRESSIVE;
				CLANG_CXX_LANGUAGE_STANDARD = "gnu++20";
				CLANG_ENABLE_MODULES = YES;
				CLANG_ENABLE_OBJC_ARC = YES;
				CLANG_ENABLE_OBJC_WEAK = YES;
				CLANG_WARN_BLOCK_CAPTURE_AUTORELEASING = YES;
				CLANG_WARN_BOOL_CONVERSION = YES;
				CLANG_WARN_COMMA = YES;
				CLANG_WARN_CONSTANT_CONVERSION = YES;
				CLANG_WARN_DEPRECATED_OBJC_IMPLEMENTATIONS = YES;
				CLANG_WARN_DIRECT_OBJC_ISA_USAGE = YES_ERROR;
				CLANG_WARN_DOCUMENTATION_COMMENTS = YES;
				CLANG_WARN_EMPTY_BODY = YES;
				CLANG_WARN_ENUM_CONVERSION = YES;
				CLANG_WARN_INFINITE_RECURSION = YES;
				CLANG_WARN_INT_CONVERSION = YES;
				CLANG_WARN_NON_LITERAL_NULL_CONVERSION = YES;
				CLANG_WARN_OBJC_IMPLICIT_RETAIN_SELF = YES;
				CLANG_WARN_OBJC_LITERAL_CONVERSION = YES;
				CLANG_WARN_OBJC_ROOT_CLASS = YES_ERROR;
				CLANG_WARN_QUOTED_INCLUDE_IN_FRAMEWORK_HEADER = YES;
				CLANG_WARN_RANGE_LOOP_ANALYSIS = YES;
				CLANG_WARN_STRICT_PROTOTYPES = YES;
				CLANG_WARN_SUSPICIOUS_MOVE = YES;
				CLANG_WARN_UNGUARDED_AVAILABILITY = YES_AGGRESSIVE;
				CLANG_WARN_UNREACHABLE_CODE = YES;
				CLANG_WARN__DUPLICATE_METHOD_MATCH = YES;
				COPY_PHASE_STRIP = NO;
				DEBUG_INFORMATION_FORMAT = "dwarf-with-dsym";
				ENABLE_NS_ASSERTIONS = NO;
				ENABLE_STRICT_OBJC_MSGSEND = YES;
				ENABLE_USER_SCRIPT_SANDBOXING = YES;
				GCC_C_LANGUAGE_STANDARD = gnu17;
				GCC_NO_COMMON_BLOCKS = YES;
				GCC_WARN_64_TO_32_BIT_CONVERSION = YES;
				GCC_WARN_ABOUT_RETURN_TYPE = YES_ERROR;
				GCC_WARN_UNDECLARED_SELECTOR = YES;
				GCC_WARN_UNINITIALIZED_AUTOS = YES_AGGRESSIVE;
				GCC_WARN_UNUSED_FUNCTION = YES;
				GCC_WARN_UNUSED_VARIABLE = YES;
				IPHONEOS_DEPLOYMENT_TARGET = 17.0;
				LOCALIZATION_PREFERS_STRING_CATALOGS = YES;
				MTL_ENABLE_DEBUG_INFO = NO;
				MTL_FAST_MATH = YES;
				SDKROOT = iphoneos;
				SWIFT_COMPILATION_MODE = wholemodule;
				VALIDATE_PRODUCT = YES;
			};
			name = Release;
		};
		60DF98F92ADDD2F200E8EBC5 /* Debug */ = {
			isa = XCBuildConfiguration;
			buildSettings = {
				ASSETCATALOG_COMPILER_APPICON_NAME = AppIcon;
				ASSETCATALOG_COMPILER_GLOBAL_ACCENT_COLOR_NAME = AccentColor;
				CODE_SIGN_STYLE = Automatic;
				CURRENT_PROJECT_VERSION = 1;
				DEVELOPMENT_ASSET_PATHS = "\"google_maps_application/Preview Content\"";
				ENABLE_PREVIEWS = YES;
				GENERATE_INFOPLIST_FILE = YES;
				INFOPLIST_KEY_UIApplicationSceneManifest_Generation = YES;
				INFOPLIST_KEY_UIApplicationSupportsIndirectInputEvents = YES;
				INFOPLIST_KEY_UILaunchScreen_Generation = YES;
				INFOPLIST_KEY_UISupportedInterfaceOrientations_iPad = "UIInterfaceOrientationPortrait UIInterfaceOrientationPortraitUpsideDown UIInterfaceOrientationLandscapeLeft UIInterfaceOrientationLandscapeRight";
				INFOPLIST_KEY_UISupportedInterfaceOrientations_iPhone = "UIInterfaceOrientationPortrait UIInterfaceOrientationLandscapeLeft UIInterfaceOrientationLandscapeRight";
				LD_RUNPATH_SEARCH_PATHS = (
					"$(inherited)",
					"@executable_path/Frameworks",
				);
				MARKETING_VERSION = 1.0;
				PRODUCT_BUNDLE_IDENTIFIER = "test.google-maps-application";
				PRODUCT_NAME = "$(TARGET_NAME)";
				SWIFT_EMIT_LOC_STRINGS = YES;
				SWIFT_VERSION = 5.0;
				TARGETED_DEVICE_FAMILY = "1,2";
			};
			name = Debug;
		};
		60DF98FA2ADDD2F200E8EBC5 /* Release */ = {
			isa = XCBuildConfiguration;
			buildSettings = {
				ASSETCATALOG_COMPILER_APPICON_NAME = AppIcon;
				ASSETCATALOG_COMPILER_GLOBAL_ACCENT_COLOR_NAME = AccentColor;
				CODE_SIGN_STYLE = Automatic;
				CURRENT_PROJECT_VERSION = 1;
				DEVELOPMENT_ASSET_PATHS = "\"google_maps_application/Preview Content\"";
				ENABLE_PREVIEWS = YES;
				GENERATE_INFOPLIST_FILE = YES;
				INFOPLIST_KEY_UIApplicationSceneManifest_Generation = YES;
				INFOPLIST_KEY_UIApplicationSupportsIndirectInputEvents = YES;
				INFOPLIST_KEY_UILaunchScreen_Generation = YES;
				INFOPLIST_KEY_UISupportedInterfaceOrientations_iPad = "UIInterfaceOrientationPortrait UIInterfaceOrientationPortraitUpsideDown UIInterfaceOrientationLandscapeLeft UIInterfaceOrientationLandscapeRight";
				INFOPLIST_KEY_UISupportedInterfaceOrientations_iPhone = "UIInterfaceOrientationPortrait UIInterfaceOrientationLandscapeLeft UIInterfaceOrientationLandscapeRight";
				LD_RUNPATH_SEARCH_PATHS = (
					"$(inherited)",
					"@executable_path/Frameworks",
				);
				MARKETING_VERSION = 1.0;
				PRODUCT_BUNDLE_IDENTIFIER = "test.google-maps-application";
				PRODUCT_NAME = "$(TARGET_NAME)";
				SWIFT_EMIT_LOC_STRINGS = YES;
				SWIFT_VERSION = 5.0;
				TARGETED_DEVICE_FAMILY = "1,2";
			};
			name = Release;
		};
		60DF98FC2ADDD2F200E8EBC5 /* Debug */ = {
			isa = XCBuildConfiguration;
			buildSettings = {
				ALWAYS_EMBED_SWIFT_STANDARD_LIBRARIES = YES;
				BUNDLE_LOADER = "$(TEST_HOST)";
				CODE_SIGN_STYLE = Automatic;
				CURRENT_PROJECT_VERSION = 1;
				GENERATE_INFOPLIST_FILE = YES;
				IPHONEOS_DEPLOYMENT_TARGET = 17.0;
				MARKETING_VERSION = 1.0;
				PRODUCT_BUNDLE_IDENTIFIER = "test.google-maps-applicationTests";
				PRODUCT_NAME = "$(TARGET_NAME)";
				SWIFT_EMIT_LOC_STRINGS = NO;
				SWIFT_VERSION = 5.0;
				TARGETED_DEVICE_FAMILY = "1,2";
				TEST_HOST = "$(BUILT_PRODUCTS_DIR)/google_maps_application.app/$(BUNDLE_EXECUTABLE_FOLDER_PATH)/google_maps_application";
			};
			name = Debug;
		};
		60DF98FD2ADDD2F200E8EBC5 /* Release */ = {
			isa = XCBuildConfiguration;
			buildSettings = {
				ALWAYS_EMBED_SWIFT_STANDARD_LIBRARIES = YES;
				BUNDLE_LOADER = "$(TEST_HOST)";
				CODE_SIGN_STYLE = Automatic;
				CURRENT_PROJECT_VERSION = 1;
				GENERATE_INFOPLIST_FILE = YES;
				IPHONEOS_DEPLOYMENT_TARGET = 17.0;
				MARKETING_VERSION = 1.0;
				PRODUCT_BUNDLE_IDENTIFIER = "test.google-maps-applicationTests";
				PRODUCT_NAME = "$(TARGET_NAME)";
				SWIFT_EMIT_LOC_STRINGS = NO;
				SWIFT_VERSION = 5.0;
				TARGETED_DEVICE_FAMILY = "1,2";
				TEST_HOST = "$(BUILT_PRODUCTS_DIR)/google_maps_application.app/$(BUNDLE_EXECUTABLE_FOLDER_PATH)/google_maps_application";
			};
			name = Release;
		};
		60DF98FF2ADDD2F200E8EBC5 /* Debug */ = {
			isa = XCBuildConfiguration;
			buildSettings = {
				ALWAYS_EMBED_SWIFT_STANDARD_LIBRARIES = YES;
				CODE_SIGN_STYLE = Automatic;
				CURRENT_PROJECT_VERSION = 1;
				GENERATE_INFOPLIST_FILE = YES;
				MARKETING_VERSION = 1.0;
				PRODUCT_BUNDLE_IDENTIFIER = "test.google-maps-applicationUITests";
				PRODUCT_NAME = "$(TARGET_NAME)";
				SWIFT_EMIT_LOC_STRINGS = NO;
				SWIFT_VERSION = 5.0;
				TARGETED_DEVICE_FAMILY = "1,2";
				TEST_TARGET_NAME = google_maps_application;
			};
			name = Debug;
		};
		60DF99002ADDD2F200E8EBC5 /* Release */ = {
			isa = XCBuildConfiguration;
			buildSettings = {
				ALWAYS_EMBED_SWIFT_STANDARD_LIBRARIES = YES;
				CODE_SIGN_STYLE = Automatic;
				CURRENT_PROJECT_VERSION = 1;
				GENERATE_INFOPLIST_FILE = YES;
				MARKETING_VERSION = 1.0;
				PRODUCT_BUNDLE_IDENTIFIER = "test.google-maps-applicationUITests";
				PRODUCT_NAME = "$(TARGET_NAME)";
				SWIFT_EMIT_LOC_STRINGS = NO;
				SWIFT_VERSION = 5.0;
				TARGETED_DEVICE_FAMILY = "1,2";
				TEST_TARGET_NAME = google_maps_application;
			};
			name = Release;
		};
/* End XCBuildConfiguration section */

/* Begin XCConfigurationList section */
		60DF98CF2ADDD2EF00E8EBC5 /* Build configuration list for PBXProject "google_maps_application" */ = {
			isa = XCConfigurationList;
			buildConfigurations = (
				60DF98F62ADDD2F200E8EBC5 /* Debug */,
				60DF98F72ADDD2F200E8EBC5 /* Release */,
			);
			defaultConfigurationIsVisible = 0;
			defaultConfigurationName = Release;
		};
		60DF98F82ADDD2F200E8EBC5 /* Build configuration list for PBXNativeTarget "google_maps_application" */ = {
			isa = XCConfigurationList;
			buildConfigurations = (
				60DF98F92ADDD2F200E8EBC5 /* Debug */,
				60DF98FA2ADDD2F200E8EBC5 /* Release */,
			);
			defaultConfigurationIsVisible = 0;
			defaultConfigurationName = Release;
		};
		60DF98FB2ADDD2F200E8EBC5 /* Build configuration list for PBXNativeTarget "google_maps_applicationTests" */ = {
			isa = XCConfigurationList;
			buildConfigurations = (
				60DF98FC2ADDD2F200E8EBC5 /* Debug */,
				60DF98FD2ADDD2F200E8EBC5 /* Release */,
			);
			defaultConfigurationIsVisible = 0;
			defaultConfigurationName = Release;
		};
		60DF98FE2ADDD2F200E8EBC5 /* Build configuration list for PBXNativeTarget "google_maps_applicationUITests" */ = {
			isa = XCConfigurationList;
			buildConfigurations = (
				60DF98FF2ADDD2F200E8EBC5 /* Debug */,
				60DF99002ADDD2F200E8EBC5 /* Release */,
			);
			defaultConfigurationIsVisible = 0;
			defaultConfigurationName = Release;
		};
/* End XCConfigurationList section */
	};
	rootObject = 60DF98CC2ADDD2EF00E8EBC5 /* Project object */;
}
